{
  "version": 1,
  "dependencies": {
    "net10.0": {
      "Microsoft.NET.Test.Sdk": {
        "type": "Direct",
        "requested": "[17.14.1, 17.14.1]",
        "resolved": "17.14.1",
        "contentHash": "HJKqKOE+vshXra2aEHpi2TlxYX7Z9VFYkr+E5rwEvHC8eIXiyO+K9kNm8vmNom3e2rA56WqxU+/N9NJlLGXsJQ==",
        "dependencies": {
          "Microsoft.CodeCoverage": "17.14.1",
          "Microsoft.TestPlatform.TestHost": "17.14.1"
        }
      },
      "xunit": {
        "type": "Direct",
        "requested": "[2.9.3, 2.9.3]",
        "resolved": "2.9.3",
        "contentHash": "TlXQBinK35LpOPKHAqbLY4xlEen9TBafjs0V5KnA4wZsoQLQJiirCR4CbIXvOH8NzkW4YeJKP5P/Bnrodm0h9Q==",
        "dependencies": {
          "xunit.analyzers": "1.18.0",
          "xunit.assert": "2.9.3",
          "xunit.core": "[2.9.3]"
        }
      },
      "xunit.runner.visualstudio": {
        "type": "Direct",
        "requested": "[3.1.1, 3.1.1]",
        "resolved": "3.1.1",
        "contentHash": "gNu2zhnuwjq5vQlU4S7yK/lfaKZDLmtcu+vTjnhfTlMAUYn+Hmgu8IIX0UCwWepYkk+Szx03DHx1bDnc9Fd+9w=="
      },
      "AssetRipper.TextureDecoder": {
        "type": "Transitive",
        "resolved": "2.6.2",
        "contentHash": "amxJyySJVacy0vv+uPAmj6KoHlNuwZmZVd4TuBMCESQB2wwvH37gLzzo9/0zU6dPXbxXbSQDG1U7slOx50DtZw=="
      },
      "Blake3": {
        "type": "Transitive",
        "resolved": "3.0.2",
        "contentHash": "THvWhdj8ErSdrGamTqjshCU1ImANfr7ieKY6eFqeMsRenvXEKut9qGm5/MA4SUk8IYvAahf67jSh0yVj9jTPzg=="
      },
      "BouncyCastle.Cryptography": {
        "type": "Transitive",
        "resolved": "2.6.2",
        "contentHash": "7oWOcvnntmMKNzDLsdxAYqApt+AjpRpP2CShjMfIa3umZ42UQMvH0tl1qAliYPNYO6vTdcGMqnRrCPmsfzTI1w=="
      },
      "CommunityToolkit.HighPerformance": {
        "type": "Transitive",
        "resolved": "8.4.2",
        "contentHash": "2hmtrrU18x6NL3mbuAqwy0KpnoEEJOuK6sH5RKQfD/jHijn2pqvqBUC7WGy9dgNBL9BDA7eOC0kirsNPMp2f4Q=="
      },
      "CUE4Parse": {
        "type": "Transitive",
        "resolved": "1.2.2.202610",
        "contentHash": "aOBFhhGOzmlk6WRccmFqN1oi90BBE8b4kvlJySDHb05J5AcUQ9nxnUQRKD2npBBjod9mDBULVPnsAVCIx3N4ZA==",
        "dependencies": {
          "Blake3": "3.0.2",
          "BouncyCastle.Cryptography": "2.6.2",
          "FixedMathSharp": "4.0.1",
          "Fmod5Sharp": "3.1.0",
          "GenericReader": "2.3.0",
          "Infrablack.UE4Config": "0.7.2.97",
          "K4os.Compression.LZ4.Streams": "1.3.8",
          "LZMA-SDK": "22.1.1",
          "Newtonsoft.Json": "13.0.4",
          "OffiUtils": "3.2.0",
          "Oodle.NET": "2.2.0",
          "OodleSharp": "0.0.1",
          "Serilog": "4.3.1",
          "Serilog.Sinks.Console": "6.1.1",
          "SubstreamSharp": "1.0.3",
          "System.IO.Hashing": "10.0.8",
          "System.Numerics.Tensors": "10.0.10",
          "VGAudio": "2.2.1",
          "Zlib-ng.NET": "1.2.0",
          "ZstdSharp.Port": "0.8.8"
        }
      },
      "CUE4Parse-Conversion": {
        "type": "Transitive",
        "resolved": "1.2.2.202610",
        "contentHash": "0K6xePgid09MQ/QQyxeCBQTuAx3zDZcqvd7AGoY8w10YqlQ7E8XgMFA/SQUgd22kSUdID5s73CV/D3S4lxOJzw==",
        "dependencies": {
          "AssetRipper.TextureDecoder": "2.6.2",
          "CUE4Parse": "1.2.2.202610",
          "SharpGLTF.Core": "1.0.6",
          "SharpGLTF.Toolkit": "1.0.6",
          "SixLabors.ImageSharp": "[3.1.12]",
          "SkiaSharp": "[2.88.9]"
        }
      },
      "FixedMathSharp": {
        "type": "Transitive",
        "resolved": "4.0.1",
        "contentHash": "eUZzaWGXfPitqyJvF+6IFGaYRwWfg65Ia6I7bRbcF7U8Yw2BKBQ1vFl6qE/NGKaapMBVjQ+liDkvRSkwMuRR3w==",
        "dependencies": {
          "MemoryPack": "1.21.4"
        }
      },
      "Fmod5Sharp": {
        "type": "Transitive",
        "resolved": "3.1.0",
        "contentHash": "DPM710gixvM3GrF5FTceXgaAZmH4B3amo92HNIJHiXHUJdeIF3R/cZKDrZzc4A5gzX/M1MbqWBphR90e/b6HxQ==",
        "dependencies": {
          "IndexRange": "1.1.0",
          "NAudio.Core": "2.2.1",
          "OggVorbisEncoder": "1.2.2"
        }
      },
      "GenericReader": {
        "type": "Transitive",
        "resolved": "2.3.0",
        "contentHash": "JeTTJenG7Ys+d+qSpO5xlg07oCC7Xg+tCNYuJOzBcw3v1IPivsbix9jF0odM8EtviL74vC/zRE3V/tm6WPnxZw=="
      },
      "IndexRange": {
        "type": "Transitive",
        "resolved": "1.1.0",
        "contentHash": "fG+2WP1e3Fg3ZVq85XAdiwG9t0twi3r0LvOrTjtbH/31Rd5gLnV5APOD2JHAowbZYDgj9D3rXRbUvIL+ew0WZQ==",
        "dependencies": {
          "Microsoft.Bcl.Memory": "9.0.0"
        }
      },
      "Infrablack.UE4Config": {
        "type": "Transitive",
        "resolved": "0.7.2.97",
        "contentHash": "ZjCEAqkSSr2Z8Rp82wo6ME98WJ0P2DyKrr+11X2KqZ/q/rzloyv6rJ+m45J2qWY1Piu2E9XcJ2gvRHQCapuTQQ=="
      },
      "K4os.Compression.LZ4": {
        "type": "Transitive",
        "resolved": "1.3.8",
        "contentHash": "LhwlPa7c1zs1OV2XadMtAWdImjLIsqFJPoRcIWAadSRn0Ri1DepK65UbWLPmt4riLqx2d40xjXRk0ogpqNtK7g=="
      },
      "K4os.Compression.LZ4.Streams": {
        "type": "Transitive",
        "resolved": "1.3.8",
        "contentHash": "P15qr8dZAeo9GvYbUIPEYFQ0MEJ0i5iqr37wsYeRC3la2uCldOoeCa6to0CZ1taiwxIV+Mk8NGuZi+4iWivK9w==",
        "dependencies": {
          "K4os.Compression.LZ4": "1.3.8",
          "K4os.Hash.xxHash": "1.0.8"
        }
      },
      "K4os.Hash.xxHash": {
        "type": "Transitive",
        "resolved": "1.0.8",
        "contentHash": "Wp2F7BamQ2Q/7Hk834nV9vRQapgcr8kgv9Jvfm8J3D0IhDqZMMl+a2yxUq5ltJitvXvQfB8W6K4F4fCbw/P6YQ=="
      },
      "LZMA-SDK": {
        "type": "Transitive",
        "resolved": "22.1.1",
        "contentHash": "lxG8/H53OCqebnDFlTStwzbgtmUN/DqnXN8kffa/ctHcSEHhIPDyEa3jLzpZxVX5F8bmJgvb1mna6gnhetykIw=="
      },
      "MemoryPack": {
        "type": "Transitive",
        "resolved": "1.21.4",
        "contentHash": "wy3JTBNBsO8LfQcBvvYsWr3lm2Oakolrfu0UQ3oSJSEiD+7ye0GUhYTaXuYYBowqsXBXWD9gf2218ae0JRiYVQ==",
        "dependencies": {
          "MemoryPack.Core": "1.21.4",
          "MemoryPack.Generator": "1.21.4"
        }
      },
      "MemoryPack.Core": {
        "type": "Transitive",
        "resolved": "1.21.4",
        "contentHash": "6RszGorZ0ejNmp37ZcboPBMvvPCuNW2jlrdQfcs/lMzE5b3pmPF6hsm/laDc34hRlbAST1ZxaX/DvYu2DF5sBQ=="
      },
      "MemoryPack.Generator": {
        "type": "Transitive",
        "resolved": "1.21.4",
        "contentHash": "g14EsSS85yn0lHTi0J9ivqlZMf09A2iI51fmI+0KkzIzyCbWOBWPi5mdaY7YWmXprk12aYh9u/qfWHQUYthlwg=="
      },
      "Microsoft.Bcl.Memory": {
        "type": "Transitive",
        "resolved": "9.0.0",
        "contentHash": "bTUtGfpGyJnohQzjdXbtc7MqNzkv7CWUSRz54+ucNm0i32rZiIU0VdVPHDBShOl1qhVKRjW8mnEBz3d2vH93tQ=="
      },
      "Microsoft.CodeCoverage": {
        "type": "Transitive",
        "resolved": "17.14.1",
        "contentHash": "pmTrhfFIoplzFVbhVwUquT+77CbGH+h4/3mBpdmIlYtBi9nAB+kKI6dN3A/nV4DFi3wLLx/BlHIPK+MkbQ6Tpg=="
      },
      "Microsoft.NETCore.Platforms": {
        "type": "Transitive",
        "resolved": "1.1.0",
        "contentHash": "kz0PEW2lhqygehI/d6XsPCQzD7ff7gUJaVGPVETX611eadGsA3A877GdSlU0LRVMCTH/+P3o2iDTak+S08V2+A=="
      },
      "Microsoft.TestPlatform.ObjectModel": {
        "type": "Transitive",
        "resolved": "17.14.1",
        "contentHash": "xTP1W6Mi6SWmuxd3a+jj9G9UoC850WGwZUps1Wah9r1ZxgXhdJfj1QqDLJkFjHDCvN42qDL2Ps5KjQYWUU0zcQ=="
      },
      "Microsoft.TestPlatform.TestHost": {
        "type": "Transitive",
        "resolved": "17.14.1",
        "contentHash": "d78LPzGKkJwsJXAQwsbJJ7LE7D1wB+rAyhHHAaODF+RDSQ0NgMjDFkSA1Djw18VrxO76GlKAjRUhl+H8NL8Z+Q==",
        "dependencies": {
          "Microsoft.TestPlatform.ObjectModel": "17.14.1",
          "Newtonsoft.Json": "13.0.3"
        }
      },
      "NAudio.Core": {
        "type": "Transitive",
        "resolved": "2.2.1",
        "contentHash": "GgkdP6K/7FqXFo7uHvoqGZTJvW4z8g2IffhOO4JHaLzKCdDOUEzVKtveoZkCuUX8eV2HAINqi7VFqlFndrnz/g=="
      },
      "NETStandard.Library": {
        "type": "Transitive",
        "resolved": "1.6.1",
        "contentHash": "WcSp3+vP+yHNgS8EV5J7pZ9IRpeDuARBPN28by8zqff1wJQXm26PVU8L3/fYLBJVU7BtDyqNVWq2KlCVvSSR4A==",
        "dependencies": {
          "Microsoft.NETCore.Platforms": "1.1.0"
        }
      },
      "Newtonsoft.Json": {
        "type": "Transitive",
        "resolved": "13.0.4",
        "contentHash": "pdgNNMai3zv51W5aq268sujXUyx7SNdE2bj1wZcWjAQrKMFZV260lbqYop1d2GM67JI1huLRwxo9ZqnfF/lC6A=="
      },
      "NVorbis": {
        "type": "Transitive",
        "resolved": "0.10.5",
        "contentHash": "o+IptCG4Avze39HrGeztC+xIp6fOOwGVAwkoa1J++4Ji1WmZ+KIKlFl5wsgxsXqBkmdpfs/vFSUproiLKYa2bw=="
      },
      "OffiUtils": {
        "type": "Transitive",
        "resolved": "3.2.0",
        "contentHash": "sejwMr+CWLla0wzpvQSBSe+xCUk01XeKh39R/aG7a//ZHzp7twxPcnbz634w+Rk3bLRVsuL9Jp49RFw42MGjUw==",
        "dependencies": {
          "CommunityToolkit.HighPerformance": "8.4.2"
        }
      },
      "OggVorbisEncoder": {
        "type": "Transitive",
        "resolved": "1.2.2",
        "contentHash": "MZMa5URyED82nJUfGCbulS/1/Np+zhE2mt3h9TuAPOurVN3rYHEaVc7cKd7IK1vROB4UMdTgSoPCW3EJCNmHJw=="
      },
      "Oodle.NET": {
        "type": "Transitive",
        "resolved": "2.2.0",
        "contentHash": "6+rGT+Y2dBkACr2dQ0+NBm5mpDJ66ec8X2RFLyNjm1pRojMK5DcRiA8iqVdMgYue7OPMUhN7ViSn0iu0X4NmRQ=="
      },
      "OodleSharp": {
        "type": "Transitive",
        "resolved": "0.0.1",
        "contentHash": "8XioZSNsed2bv0ouBOqgHDH1guZepf844lCQGndo4jqzuFAiuurIlZ1my/3vXdN3aXdhe3jPrWQzDjXZqxZH7Q=="
      },
      "Serilog": {
        "type": "Transitive",
        "resolved": "4.3.1",
        "contentHash": "savYe7h5yRlkqBVOwP8cIRDOdqKiPmYCU4W87JH38sBmcKD5EBoXvQIw6bNEvZ/pTe1gsiye3VFCzBsoppGkXQ=="
      },
      "Serilog.Sinks.Console": {
        "type": "Transitive",
        "resolved": "6.1.1",
        "contentHash": "8jbqgjUyZlfCuSTaJk6lOca465OndqOz3KZP6Cryt/IqZYybyBu7GP0fE/AXBzrrQB3EBmQntBFAvMVz1COvAA==",
        "dependencies": {
          "Serilog": "4.0.0"
        }
      },
      "SharpGLTF.Core": {
        "type": "Transitive",
        "resolved": "1.0.6",
        "contentHash": "m3qIvUnpvRRfQ0fp0TFfpPk+vsHkCIOf/uIVJ19fe9dwa29KCO/PeHVXKAph8nsFxFLXitTIIqCa5W8JGLMhBg=="
      },
      "SharpGLTF.Runtime": {
        "type": "Transitive",
        "resolved": "1.0.6",
        "contentHash": "MVb0p0gzwnjHB03b0kMhf9bVUd6gSvs/jBpTkL6rMa0RtzSGARbCvZkpGbHXjxgSTncprEuzV4nAaaAucifc3Q==",
        "dependencies": {
          "SharpGLTF.Core": "1.0.6"
        }
      },
      "SharpGLTF.Toolkit": {
        "type": "Transitive",
        "resolved": "1.0.6",
        "contentHash": "wb9Ebb4uwXevL4WiLlry29RWIYlxa+NiAa0BB8iSR7VbmgSa5Ij/QaPNlKi1jjA4oL8aEygg5V76zY1SJfIS+Q==",
        "dependencies": {
          "SharpGLTF.Runtime": "1.0.6"
        }
      },
      "SixLabors.ImageSharp": {
        "type": "Transitive",
        "resolved": "3.1.12",
        "contentHash": "iAg6zifihXEFS/t7fiHhZBGAdCp3FavsF4i2ZIDp0JfeYeDVzvmlbY1CNhhIKimaIzrzSi5M/NBFcWvZT2rB/A=="
      },
      "SkiaSharp": {
        "type": "Transitive",
        "resolved": "2.88.9",
        "contentHash": "3MD5VHjXXieSHCleRLuaTXmL2pD0mB7CcOB1x2kA1I4bhptf4e3R27iM93264ZYuAq6mkUyX5XbcxnZvMJYc1Q==",
        "dependencies": {
          "SkiaSharp.NativeAssets.Win32": "2.88.9",
          "SkiaSharp.NativeAssets.macOS": "2.88.9"
        }
      },
      "SkiaSharp.NativeAssets.Linux.NoDependencies": {
        "type": "Transitive",
        "resolved": "2.88.9",
        "contentHash": "ZA9syMvIuoqxPhyFTgde/bNV6VMdeYT9gRdNQT5O+ZjPK+a/nVkKRrqBbn7EVA7XQiW+xIycyT4gW/sea9eh+w==",
        "dependencies": {
          "SkiaSharp": "2.88.9"
        }
      },
      "SkiaSharp.NativeAssets.macOS": {
        "type": "Transitive",
        "resolved": "2.88.9",
        "contentHash": "Nv5spmKc4505Ep7oUoJ5vp3KweFpeNqxpyGDWyeEPTX2uR6S6syXIm3gj75dM0YJz7NPvcix48mR5laqs8dPuA=="
      },
      "SkiaSharp.NativeAssets.Win32": {
        "type": "Transitive",
        "resolved": "2.88.9",
        "contentHash": "wb2kYgU7iy84nQLYZwMeJXixvK++GoIuECjU4ECaUKNuflyRlJKyiRhN1MAHswvlvzuvkrjRWlK0Za6+kYQK7w=="
      },
      "SubstreamSharp": {
        "type": "Transitive",
        "resolved": "1.0.3",
        "contentHash": "XV/cpJkajpqg2qMYAZzXFcklLy4KvFEiWQFE+amUAzLzQqk/nyAdQp0gXX2rGz5F/ALkvd8bgKBiDW+QuKOXDQ=="
      },
      "System.IO.Hashing": {
        "type": "Transitive",
        "resolved": "10.0.8",
        "contentHash": "+dJsbPJ3FyUbTZNplFj0RCKePFizmv6ewDV46JE9q/IVH4c3xTCftHfHelLsAKf0jryIPqgMb5GpS0x7TAY3mg=="
      },
      "System.Numerics.Tensors": {
        "type": "Transitive",
        "resolved": "10.0.10",
        "contentHash": "9Ildb4Y9maDztB0ZRGxsNShbpCQ2Tjv2dr4IjskBxpTGhH7aIz1+oC+Hl833ASs/htWwsH6myNe+sRpeyCzeMQ=="
      },
      "UAssetAPI": {
        "type": "Transitive",
        "resolved": "1.1.0",
        "contentHash": "J71ZHs9VdLDhLP9Tqa6drMqF2/UgEMZm4ahfGeCiPBxOf5MzY7/s4ZWT3VdTrLy+daTnf1jMnMTVzjauHsyy0A==",
        "dependencies": {
          "Newtonsoft.Json": "13.0.3",
          "ZstdSharp.Port": "0.8.1"
        }
      },
      "VGAudio": {
        "type": "Transitive",
        "resolved": "2.2.1",
        "contentHash": "eg8TusdIdla4XejVolG3da6UtshRQPmjCoTxejBff4sJf0wgI1Ic6vvNiYjb96gX21kvWLONRgyvc3NVHP6TYg==",
        "dependencies": {
          "NETStandard.Library": "1.6.1"
        }
      },
      "xunit.abstractions": {
        "type": "Transitive",
        "resolved": "2.0.3",
        "contentHash": "pot1I4YOxlWjIb5jmwvvQNbTrZ3lJQ+jUGkGjWE3hEFM0l5gOnBWS+H3qsex68s5cO52g+44vpGzhAt+42vwKg=="
      },
      "xunit.analyzers": {
        "type": "Transitive",
        "resolved": "1.18.0",
        "contentHash": "OtFMHN8yqIcYP9wcVIgJrq01AfTxijjAqVDy/WeQVSyrDC1RzBWeQPztL49DN2syXRah8TYnfvk035s7L95EZQ=="
      },
      "xunit.assert": {
        "type": "Transitive",
        "resolved": "2.9.3",
        "contentHash": "/Kq28fCE7MjOV42YLVRAJzRF0WmEqsmflm0cfpMjGtzQ2lR5mYVj1/i0Y8uDAOLczkL3/jArrwehfMD0YogMAA=="
      },
      "xunit.core": {
        "type": "Transitive",
        "resolved": "2.9.3",
        "contentHash": "BiAEvqGvyme19wE0wTKdADH+NloYqikiU0mcnmiNyXaF9HyHmE6sr/3DC5vnBkgsWaE6yPyWszKSPSApWdRVeQ==",
        "dependencies": {
          "xunit.extensibility.core": "[2.9.3]",
          "xunit.extensibility.execution": "[2.9.3]"
        }
      },
      "xunit.extensibility.core": {
        "type": "Transitive",
        "resolved": "2.9.3",
        "contentHash": "kf3si0YTn2a8J8eZNb+zFpwfoyvIrQ7ivNk5ZYA5yuYk1bEtMe4DxJ2CF/qsRgmEnDr7MnW1mxylBaHTZ4qErA==",
        "dependencies": {
          "xunit.abstractions": "2.0.3"
        }
      },
      "xunit.extensibility.execution": {
        "type": "Transitive",
        "resolved": "2.9.3",
        "contentHash": "yMb6vMESlSrE3Wfj7V6cjQ3S4TXdXpRqYeNEI3zsX31uTsGMJjEw6oD5F5u1cHnMptjhEECnmZSsPxB6ChZHDQ==",
        "dependencies": {
          "xunit.extensibility.core": "[2.9.3]"
        }
      },
      "Zlib-ng.NET": {
        "type": "Transitive",
        "resolved": "1.2.0",
        "contentHash": "W97KdZxrekUMf9DjO9xSb7YzL0H642Hc3ACqABThY3z5M5+wPeFG3pbdL7ObsLL81ysR3swrXTEydla0tDyD5w=="
      },
      "ZstdSharp.Port": {
        "type": "Transitive",
        "resolved": "0.8.8",
        "contentHash": "UIDFkA5DC3en3tOJ3Mof11yBx9kUQLsaeo/oFdvN6Bbkr9E9+VCqfIadHci8cu+I51K2Sl7XYWVl2R/mA75NBQ=="
      },
      "mercurymanager.server": {
        "type": "Project",
        "dependencies": {
          "CUE4Parse": "[1.2.2.202610, )",
          "CUE4Parse-Conversion": "[1.2.2.202610, )",
          "NVorbis": "[0.10.5, )",
          "OggVorbisEncoder": "[1.2.2, )",
          "SkiaSharp.NativeAssets.Linux.NoDependencies": "[2.88.9, )",
          "UAssetAPI": "[1.1.0, )",
          "VGAudio": "[2.2.1, )"
        }
      }
    }
  }
}